
Microsoft Visual Studio Solution File, Format Version 12.00
# Visual Studio Version 16
VisualStudioVersion = 16.0.30717.126
MinimumVisualStudioVersion = 10.0.40219.1
Project("{FAE04EC0-301F-11D3-BF4B-00C04F79EFBC}") = "ClientReservasi-013", "ClientReservasi-013.csproj", "{AB47304D-2E52-48E7-9747-C634D545F321}"
EndProject
Global
	GlobalSection(SolutionConfigurationPlatforms) = preSolution
		Debug|Any CPU = Debug|Any CPU
		Release|Any CPU = Release|Any CPU
	EndGlobalSection
	GlobalSection(ProjectConfigurationPlatforms) = postSolution
		{AB47304D-2E52-48E7-9747-C634D545F321}.Debug|Any CPU.ActiveCfg = Debug|Any CPU
		{AB47304D-2E52-48E7-9747-C634D545F321}.Debug|Any CPU.Build.0 = Debug|Any CPU
		{AB47304D-2E52-48E7-9747-C634D545F321}.Release|Any CPU.ActiveCfg = Release|Any CPU
		{AB47304D-2E52-48E7-9747-C634D545F321}.Release|Any CPU.Build.0 = Release|Any CPU
	EndGlobalSection
	GlobalSection(SolutionProperties) = preSolution
		HideSolutionNode = FALSE
	EndGlobalSection
	GlobalSection(ExtensibilityGlobals) = postSolution
		SolutionGuid = {02747EDC-F46F-42F5-AEE7-AA6666589320}
	EndGlobalSection
EndGlobal
